
Microsoft Visual Studio Solution File, Format Version 12.00
# Visual Studio Version 17
VisualStudioVersion = 17.10.35027.167
MinimumVisualStudioVersion = 10.0.40219.1
Project("{9A19103F-16F7-4668-BE54-9A1E7A4F7556}") = "FurryFriends.Blazor", "FurryFriends.Blazor\FurryFriends.Blazor.csproj", "{F34125AA-3C22-49FC-AFB2-B5B68673C65B}"
EndProject
Project("{9A19103F-16F7-4668-BE54-9A1E7A4F7556}") = "FurryFriends.API", "FurryFriends.API\FurryFriends.API.csproj", "{7E7A6FCC-7846-4172-AE6D-49CC7C7399B5}"
EndProject
Global
	GlobalSection(SolutionConfigurationPlatforms) = preSolution
		Debug|Any CPU = Debug|Any CPU
		Release|Any CPU = Release|Any CPU
	EndGlobalSection
	GlobalSection(ProjectConfigurationPlatforms) = postSolution
		{F34125AA-3C22-49FC-AFB2-B5B68673C65B}.Debug|Any CPU.ActiveCfg = Debug|Any CPU
		{F34125AA-3C22-49FC-AFB2-B5B68673C65B}.Debug|Any CPU.Build.0 = Debug|Any CPU
		{F34125AA-3C22-49FC-AFB2-B5B68673C65B}.Release|Any CPU.ActiveCfg = Release|Any CPU
		{F34125AA-3C22-49FC-AFB2-B5B68673C65B}.Release|Any CPU.Build.0 = Release|Any CPU
		{7E7A6FCC-7846-4172-AE6D-49CC7C7399B5}.Debug|Any CPU.ActiveCfg = Debug|Any CPU
		{7E7A6FCC-7846-4172-AE6D-49CC7C7399B5}.Debug|Any CPU.Build.0 = Debug|Any CPU
		{7E7A6FCC-7846-4172-AE6D-49CC7C7399B5}.Release|Any CPU.ActiveCfg = Release|Any CPU
		{7E7A6FCC-7846-4172-AE6D-49CC7C7399B5}.Release|Any CPU.Build.0 = Release|Any CPU
	EndGlobalSection
	GlobalSection(SolutionProperties) = preSolution
		HideSolutionNode = FALSE
	EndGlobalSection
	GlobalSection(ExtensibilityGlobals) = postSolution
		SolutionGuid = {27375C68-E48C-46B4-8742-1714EA08FC98}
	EndGlobalSection
EndGlobal
