
Microsoft Visual Studio Solution File, Format Version 12.00
# Visual Studio Version 17
VisualStudioVersion = 17.10.35027.167
MinimumVisualStudioVersion = 10.0.40219.1
Project("{FAE04EC0-301F-11D3-BF4B-00C04F79EFBC}") = "FurryFriends.Application", "FurryFriends.Application\FurryFriends.Application.csproj", "{4DD5FEBF-6B9A-4F1D-99B4-313FCE100354}"
EndProject
Project("{FAE04EC0-301F-11D3-BF4B-00C04F79EFBC}") = "FurryFriends.Client", "FurryFriends.Client\FurryFriends.Client.csproj", "{FEB93C06-4BEB-419F-BA66-517ECDD514B0}"
EndProject
Project("{FAE04EC0-301F-11D3-BF4B-00C04F79EFBC}") = "FurryFriends.Data", "FurryFriends.Data\FurryFriends.Data.csproj", "{D3B6E67A-B093-4417-B50A-2EA98D878075}"
EndProject
Project("{FAE04EC0-301F-11D3-BF4B-00C04F79EFBC}") = "FurryFriends.Admin", "FurryFriends.Admin\FurryFriends.Admin.csproj", "{DAD4AC26-071E-446C-8437-8041226FE4E5}"
EndProject
Global
	GlobalSection(SolutionConfigurationPlatforms) = preSolution
		Debug|Any CPU = Debug|Any CPU
		Release|Any CPU = Release|Any CPU
	EndGlobalSection
	GlobalSection(ProjectConfigurationPlatforms) = postSolution
		{4DD5FEBF-6B9A-4F1D-99B4-313FCE100354}.Debug|Any CPU.ActiveCfg = Debug|Any CPU
		{4DD5FEBF-6B9A-4F1D-99B4-313FCE100354}.Debug|Any CPU.Build.0 = Debug|Any CPU
		{4DD5FEBF-6B9A-4F1D-99B4-313FCE100354}.Release|Any CPU.ActiveCfg = Release|Any CPU
		{4DD5FEBF-6B9A-4F1D-99B4-313FCE100354}.Release|Any CPU.Build.0 = Release|Any CPU
		{FEB93C06-4BEB-419F-BA66-517ECDD514B0}.Debug|Any CPU.ActiveCfg = Debug|Any CPU
		{FEB93C06-4BEB-419F-BA66-517ECDD514B0}.Debug|Any CPU.Build.0 = Debug|Any CPU
		{FEB93C06-4BEB-419F-BA66-517ECDD514B0}.Release|Any CPU.ActiveCfg = Release|Any CPU
		{FEB93C06-4BEB-419F-BA66-517ECDD514B0}.Release|Any CPU.Build.0 = Release|Any CPU
		{D3B6E67A-B093-4417-B50A-2EA98D878075}.Debug|Any CPU.ActiveCfg = Debug|Any CPU
		{D3B6E67A-B093-4417-B50A-2EA98D878075}.Debug|Any CPU.Build.0 = Debug|Any CPU
		{D3B6E67A-B093-4417-B50A-2EA98D878075}.Release|Any CPU.ActiveCfg = Release|Any CPU
		{D3B6E67A-B093-4417-B50A-2EA98D878075}.Release|Any CPU.Build.0 = Release|Any CPU
		{DAD4AC26-071E-446C-8437-8041226FE4E5}.Debug|Any CPU.ActiveCfg = Debug|Any CPU
		{DAD4AC26-071E-446C-8437-8041226FE4E5}.Debug|Any CPU.Build.0 = Debug|Any CPU
		{DAD4AC26-071E-446C-8437-8041226FE4E5}.Release|Any CPU.ActiveCfg = Release|Any CPU
		{DAD4AC26-071E-446C-8437-8041226FE4E5}.Release|Any CPU.Build.0 = Release|Any CPU
	EndGlobalSection
	GlobalSection(SolutionProperties) = preSolution
		HideSolutionNode = FALSE
	EndGlobalSection
	GlobalSection(ExtensibilityGlobals) = postSolution
		SolutionGuid = {1A59CB76-CFB4-4E63-B110-48B5DF84C9B7}
	EndGlobalSection
EndGlobal
